PODS:
  - boost (1.76.0)
  - DoubleConversion (1.1.6)
  - FBLazyVector (0.70.15)
  - FBReactNativeSpec (0.70.15):
    - RCT-Folly (= 2021.07.22.00)
    - RCTRequired (= 0.70.15)
    - RCTTypeSafety (= 0.70.15)
    - React-Core (= 0.70.15)
    - React-jsi (= 0.70.15)
    - ReactCommon/turbomodule/core (= 0.70.15)
  - fmt (6.2.1)
  - GCDWebServer (3.5.4):
    - GCDWebServer/Core (= 3.5.4)
  - GCDWebServer/Core (3.5.4)
  - glog (0.3.5)
  - RCT-Folly (2021.07.22.00):
    - boost
    - DoubleConversion
    - fmt (~> 6.2.1)
    - glog
    - RCT-Folly/Default (= 2021.07.22.00)
  - RCT-Folly/Default (2021.07.22.00):
    - boost
    - DoubleConversion
    - fmt (~> 6.2.1)
    - glog
  - RCTRequired (0.70.15)
  - RCTTypeSafety (0.70.15):
    - FBLazyVector (= 0.70.15)
    - RCTRequired (= 0.70.15)
    - React-Core (= 0.70.15)
  - React (0.70.15):
    - React-Core (= 0.70.15)
    - React-Core/DevSupport (= 0.70.15)
    - React-Core/RCTWebSocket (= 0.70.15)
    - React-RCTActionSheet (= 0.70.15)
    - React-RCTAnimation (= 0.70.15)
    - React-RCTBlob (= 0.70.15)
    - React-RCTImage (= 0.70.15)
    - React-RCTLinking (= 0.70.15)
    - React-RCTNetwork (= 0.70.15)
    - React-RCTSettings (= 0.70.15)
    - React-RCTText (= 0.70.15)
    - React-RCTVibration (= 0.70.15)
  - React-bridging (0.70.15):
    - RCT-Folly (= 2021.07.22.00)
    - React-jsi (= 0.70.15)
  - React-callinvoker (0.70.15)
  - React-Codegen (0.70.15):
    - FBReactNativeSpec (= 0.70.15)
    - RCT-Folly (= 2021.07.22.00)
    - RCTRequired (= 0.70.15)
    - RCTTypeSafety (= 0.70.15)
    - React-Core (= 0.70.15)
    - React-jsi (= 0.70.15)
    - React-jsiexecutor (= 0.70.15)
    - ReactCommon/turbomodule/core (= 0.70.15)
  - React-Core (0.70.15):
    - glog
    - RCT-Folly (= 2021.07.22.00)
    - React-Core/Default (= 0.70.15)
    - React-cxxreact (= 0.70.15)
    - React-jsi (= 0.70.15)
    - React-jsiexecutor (= 0.70.15)
    - React-perflogger (= 0.70.15)
    - Yoga
  - React-Core/CoreModulesHeaders (0.70.15):
    - glog
    - RCT-Folly (= 2021.07.22.00)
    - React-Core/Default
    - React-cxxreact (= 0.70.15)
    - React-jsi (= 0.70.15)
    - React-jsiexecutor (= 0.70.15)
    - React-perflogger (= 0.70.15)
    - Yoga
  - React-Core/Default (0.70.15):
    - glog
    - RCT-Folly (= 2021.07.22.00)
    - React-cxxreact (= 0.70.15)
    - React-jsi (= 0.70.15)
    - React-jsiexecutor (= 0.70.15)
    - React-perflogger (= 0.70.15)
    - Yoga
  - React-Core/DevSupport (0.70.15):
    - glog
    - RCT-Folly (= 2021.07.22.00)
    - React-Core/Default (= 0.70.15)
    - React-Core/RCTWebSocket (= 0.70.15)
    - React-cxxreact (= 0.70.15)
    - React-jsi (= 0.70.15)
    - React-jsiexecutor (= 0.70.15)
    - React-jsinspector (= 0.70.15)
    - React-perflogger (= 0.70.15)
    - Yoga
  - React-Core/RCTActionSheetHeaders (0.70.15):
    - glog
    - RCT-Folly (= 2021.07.22.00)
    - React-Core/Default
    - React-cxxreact (= 0.70.15)
    - React-jsi (= 0.70.15)
    - React-jsiexecutor (= 0.70.15)
    - React-perflogger (= 0.70.15)
    - Yoga
  - React-Core/RCTAnimationHeaders (0.70.15):
    - glog
    - RCT-Folly (= 2021.07.22.00)
    - React-Core/Default
    - React-cxxreact (= 0.70.15)
    - React-jsi (= 0.70.15)
    - React-jsiexecutor (= 0.70.15)
    - React-perflogger (= 0.70.15)
    - Yoga
  - React-Core/RCTBlobHeaders (0.70.15):
    - glog
    - RCT-Folly (= 2021.07.22.00)
    - React-Core/Default
    - React-cxxreact (= 0.70.15)
    - React-jsi (= 0.70.15)
    - React-jsiexecutor (= 0.70.15)
    - React-perflogger (= 0.70.15)
    - Yoga
  - React-Core/RCTImageHeaders (0.70.15):
    - glog
    - RCT-Folly (= 2021.07.22.00)
    - React-Core/Default
    - React-cxxreact (= 0.70.15)
    - React-jsi (= 0.70.15)
    - React-jsiexecutor (= 0.70.15)
    - React-perflogger (= 0.70.15)
    - Yoga
  - React-Core/RCTLinkingHeaders (0.70.15):
    - glog
    - RCT-Folly (= 2021.07.22.00)
    - React-Core/Default
    - React-cxxreact (= 0.70.15)
    - React-jsi (= 0.70.15)
    - React-jsiexecutor (= 0.70.15)
    - React-perflogger (= 0.70.15)
    - Yoga
  - React-Core/RCTNetworkHeaders (0.70.15):
    - glog
    - RCT-Folly (= 2021.07.22.00)
    - React-Core/Default
    - React-cxxreact (= 0.70.15)
    - React-jsi (= 0.70.15)
    - React-jsiexecutor (= 0.70.15)
    - React-perflogger (= 0.70.15)
    - Yoga
  - React-Core/RCTSettingsHeaders (0.70.15):
    - glog
    - RCT-Folly (= 2021.07.22.00)
    - React-Core/Default
    - React-cxxreact (= 0.70.15)
    - React-jsi (= 0.70.15)
    - React-jsiexecutor (= 0.70.15)
    - React-perflogger (= 0.70.15)
    - Yoga
  - React-Core/RCTTextHeaders (0.70.15):
    - glog
    - RCT-Folly (= 2021.07.22.00)
    - React-Core/Default
    - React-cxxreact (= 0.70.15)
    - React-jsi (= 0.70.15)
    - React-jsiexecutor (= 0.70.15)
    - React-perflogger (= 0.70.15)
    - Yoga
  - React-Core/RCTVibrationHeaders (0.70.15):
    - glog
    - RCT-Folly (= 2021.07.22.00)
    - React-Core/Default
    - React-cxxreact (= 0.70.15)
    - React-jsi (= 0.70.15)
    - React-jsiexecutor (= 0.70.15)
    - React-perflogger (= 0.70.15)
    - Yoga
  - React-Core/RCTWebSocket (0.70.15):
    - glog
    - RCT-Folly (= 2021.07.22.00)
    - React-Core/Default (= 0.70.15)
    - React-cxxreact (= 0.70.15)
    - React-jsi (= 0.70.15)
    - React-jsiexecutor (= 0.70.15)
    - React-perflogger (= 0.70.15)
    - Yoga
  - React-CoreModules (0.70.15):
    - RCT-Folly (= 2021.07.22.00)
    - RCTTypeSafety (= 0.70.15)
    - React-Codegen (= 0.70.15)
    - React-Core/CoreModulesHeaders (= 0.70.15)
    - React-jsi (= 0.70.15)
    - React-RCTImage (= 0.70.15)
    - ReactCommon/turbomodule/core (= 0.70.15)
  - React-cxxreact (0.70.15):
    - boost (= 1.76.0)
    - DoubleConversion
    - glog
    - RCT-Folly (= 2021.07.22.00)
    - React-callinvoker (= 0.70.15)
    - React-jsi (= 0.70.15)
    - React-jsinspector (= 0.70.15)
    - React-logger (= 0.70.15)
    - React-perflogger (= 0.70.15)
    - React-runtimeexecutor (= 0.70.15)
  - React-jsi (0.70.15):
    - boost (= 1.76.0)
    - DoubleConversion
    - glog
    - RCT-Folly (= 2021.07.22.00)
    - React-jsi/Default (= 0.70.15)
  - React-jsi/Default (0.70.15):
    - boost (= 1.76.0)
    - DoubleConversion
    - glog
    - RCT-Folly (= 2021.07.22.00)
  - React-jsiexecutor (0.70.15):
    - DoubleConversion
    - glog
    - RCT-Folly (= 2021.07.22.00)
    - React-cxxreact (= 0.70.15)
    - React-jsi (= 0.70.15)
    - React-perflogger (= 0.70.15)
  - React-jsinspector (0.70.15)
  - React-logger (0.70.15):
    - glog
  - react-native-document-picker (8.2.1):
    - React-Core
  - react-native-simple-toast (1.1.4):
    - React-Core
    - Toast (~> 4.0.0)
  - React-perflogger (0.70.15)
  - React-RCTActionSheet (0.70.15):
    - React-Core/RCTActionSheetHeaders (= 0.70.15)
  - React-RCTAnimation (0.70.15):
    - RCT-Folly (= 2021.07.22.00)
    - RCTTypeSafety (= 0.70.15)
    - React-Codegen (= 0.70.15)
    - React-Core/RCTAnimationHeaders (= 0.70.15)
    - React-jsi (= 0.70.15)
    - ReactCommon/turbomodule/core (= 0.70.15)
  - React-RCTBlob (0.70.15):
    - RCT-Folly (= 2021.07.22.00)
    - React-Codegen (= 0.70.15)
    - React-Core/RCTBlobHeaders (= 0.70.15)
    - React-Core/RCTWebSocket (= 0.70.15)
    - React-jsi (= 0.70.15)
    - React-RCTNetwork (= 0.70.15)
    - ReactCommon/turbomodule/core (= 0.70.15)
  - React-RCTImage (0.70.15):
    - RCT-Folly (= 2021.07.22.00)
    - RCTTypeSafety (= 0.70.15)
    - React-Codegen (= 0.70.15)
    - React-Core/RCTImageHeaders (= 0.70.15)
    - React-jsi (= 0.70.15)
    - React-RCTNetwork (= 0.70.15)
    - ReactCommon/turbomodule/core (= 0.70.15)
  - React-RCTLinking (0.70.15):
    - React-Codegen (= 0.70.15)
    - React-Core/RCTLinkingHeaders (= 0.70.15)
    - React-jsi (= 0.70.15)
    - ReactCommon/turbomodule/core (= 0.70.15)
  - React-RCTNetwork (0.70.15):
    - RCT-Folly (= 2021.07.22.00)
    - RCTTypeSafety (= 0.70.15)
    - React-Codegen (= 0.70.15)
    - React-Core/RCTNetworkHeaders (= 0.70.15)
    - React-jsi (= 0.70.15)
    - ReactCommon/turbomodule/core (= 0.70.15)
  - React-RCTSettings (0.70.15):
    - RCT-Folly (= 2021.07.22.00)
    - RCTTypeSafety (= 0.70.15)
    - React-Codegen (= 0.70.15)
    - React-Core/RCTSettingsHeaders (= 0.70.15)
    - React-jsi (= 0.70.15)
    - ReactCommon/turbomodule/core (= 0.70.15)
  - React-RCTText (0.70.15):
    - React-Core/RCTTextHeaders (= 0.70.15)
  - React-RCTVibration (0.70.15):
    - RCT-Folly (= 2021.07.22.00)
    - React-Codegen (= 0.70.15)
    - React-Core/RCTVibrationHeaders (= 0.70.15)
    - React-jsi (= 0.70.15)
    - ReactCommon/turbomodule/core (= 0.70.15)
  - React-runtimeexecutor (0.70.15):
    - React-jsi (= 0.70.15)
  - ReactCommon/turbomodule/core (0.70.15):
    - DoubleConversion
    - glog
    - RCT-Folly (= 2021.07.22.00)
    - React-bridging (= 0.70.15)
    - React-callinvoker (= 0.70.15)
    - React-Core (= 0.70.15)
    - React-cxxreact (= 0.70.15)
    - React-jsi (= 0.70.15)
    - React-logger (= 0.70.15)
    - React-perflogger (= 0.70.15)
  - ReactNativeART (1.2.0):
    - React
  - RealmJS (10.24.0):
    - GCDWebServer
    - React
  - RNCAsyncStorage (1.24.0):
    - React-Core
  - RNCPushNotificationIOS (1.11.0):
    - React-Core
  - RNDateTimePicker (6.7.5):
    - React-Core
  - RNFS (2.20.0):
    - React-Core
  - RNNotifee (9.1.8):
    - React-Core
    - RNNotifee/NotifeeCore (= 9.1.8)
  - RNNotifee/NotifeeCore (9.1.8):
    - React-Core
  - RNPermissions (3.10.1):
    - React-Core
  - RNShare (7.9.1):
    - React-Core
  - RNVectorIcons (9.2.0):
    - React-Core
  - Toast (4.0.0)
  - Yoga (1.14.0)

DEPENDENCIES:
  - boost (from `../node_modules/react-native/third-party-podspecs/boost.podspec`)
  - DoubleConversion (from `../node_modules/react-native/third-party-podspecs/DoubleConversion.podspec`)
  - FBLazyVector (from `../node_modules/react-native/Libraries/FBLazyVector`)
  - FBReactNativeSpec (from `../node_modules/react-native/React/FBReactNativeSpec`)
  - glog (from `../node_modules/react-native/third-party-podspecs/glog.podspec`)
  - RCT-Folly (from `../node_modules/react-native/third-party-podspecs/RCT-Folly.podspec`)
  - RCTRequired (from `../node_modules/react-native/Libraries/RCTRequired`)
  - RCTTypeSafety (from `../node_modules/react-native/Libraries/TypeSafety`)
  - React (from `../node_modules/react-native/`)
  - React-bridging (from `../node_modules/react-native/ReactCommon`)
  - React-callinvoker (from `../node_modules/react-native/ReactCommon/callinvoker`)
  - React-Codegen (from `build/generated/ios`)
  - React-Core (from `../node_modules/react-native/`)
  - React-Core/RCTWebSocket (from `../node_modules/react-native/`)
  - React-CoreModules (from `../node_modules/react-native/React/CoreModules`)
  - React-cxxreact (from `../node_modules/react-native/ReactCommon/cxxreact`)
  - React-jsi (from `../node_modules/react-native/ReactCommon/jsi`)
  - React-jsiexecutor (from `../node_modules/react-native/ReactCommon/jsiexecutor`)
  - React-jsinspector (from `../node_modules/react-native/ReactCommon/jsinspector`)
  - React-logger (from `../node_modules/react-native/ReactCommon/logger`)
  - react-native-document-picker (from `../node_modules/react-native-document-picker`)
  - react-native-simple-toast (from `../node_modules/react-native-simple-toast`)
  - React-perflogger (from `../node_modules/react-native/ReactCommon/reactperflogger`)
  - React-RCTActionSheet (from `../node_modules/react-native/Libraries/ActionSheetIOS`)
  - React-RCTAnimation (from `../node_modules/react-native/Libraries/NativeAnimation`)
  - React-RCTBlob (from `../node_modules/react-native/Libraries/Blob`)
  - React-RCTImage (from `../node_modules/react-native/Libraries/Image`)
  - React-RCTLinking (from `../node_modules/react-native/Libraries/LinkingIOS`)
  - React-RCTNetwork (from `../node_modules/react-native/Libraries/Network`)
  - React-RCTSettings (from `../node_modules/react-native/Libraries/Settings`)
  - React-RCTText (from `../node_modules/react-native/Libraries/Text`)
  - React-RCTVibration (from `../node_modules/react-native/Libraries/Vibration`)
  - React-runtimeexecutor (from `../node_modules/react-native/ReactCommon/runtimeexecutor`)
  - ReactCommon/turbomodule/core (from `../node_modules/react-native/ReactCommon`)
  - "ReactNativeART (from `../node_modules/@react-native-community/art`)"
  - RealmJS (from `../node_modules/realm`)
  - "RNCAsyncStorage (from `../node_modules/@react-native-async-storage/async-storage`)"
  - "RNCPushNotificationIOS (from `../node_modules/@react-native-community/push-notification-ios`)"
  - "RNDateTimePicker (from `../node_modules/@react-native-community/datetimepicker`)"
  - RNFS (from `../node_modules/react-native-fs`)
  - "RNNotifee (from `../node_modules/@notifee/react-native`)"
  - RNPermissions (from `../node_modules/react-native-permissions`)
  - RNShare (from `../node_modules/react-native-share`)
  - RNVectorIcons (from `../node_modules/react-native-vector-icons`)
  - Yoga (from `../node_modules/react-native/ReactCommon/yoga`)

SPEC REPOS:
  trunk:
    - fmt
    - GCDWebServer
    - Toast

EXTERNAL SOURCES:
  boost:
    :podspec: "../node_modules/react-native/third-party-podspecs/boost.podspec"
  DoubleConversion:
    :podspec: "../node_modules/react-native/third-party-podspecs/DoubleConversion.podspec"
  FBLazyVector:
    :path: "../node_modules/react-native/Libraries/FBLazyVector"
  FBReactNativeSpec:
    :path: "../node_modules/react-native/React/FBReactNativeSpec"
  glog:
    :podspec: "../node_modules/react-native/third-party-podspecs/glog.podspec"
  RCT-Folly:
    :podspec: "../node_modules/react-native/third-party-podspecs/RCT-Folly.podspec"
  RCTRequired:
    :path: "../node_modules/react-native/Libraries/RCTRequired"
  RCTTypeSafety:
    :path: "../node_modules/react-native/Libraries/TypeSafety"
  React:
    :path: "../node_modules/react-native/"
  React-bridging:
    :path: "../node_modules/react-native/ReactCommon"
  React-callinvoker:
    :path: "../node_modules/react-native/ReactCommon/callinvoker"
  React-Codegen:
    :path: build/generated/ios
  React-Core:
    :path: "../node_modules/react-native/"
  React-CoreModules:
    :path: "../node_modules/react-native/React/CoreModules"
  React-cxxreact:
    :path: "../node_modules/react-native/ReactCommon/cxxreact"
  React-jsi:
    :path: "../node_modules/react-native/ReactCommon/jsi"
  React-jsiexecutor:
    :path: "../node_modules/react-native/ReactCommon/jsiexecutor"
  React-jsinspector:
    :path: "../node_modules/react-native/ReactCommon/jsinspector"
  React-logger:
    :path: "../node_modules/react-native/ReactCommon/logger"
  react-native-document-picker:
    :path: "../node_modules/react-native-document-picker"
  react-native-simple-toast:
    :path: "../node_modules/react-native-simple-toast"
  React-perflogger:
    :path: "../node_modules/react-native/ReactCommon/reactperflogger"
  React-RCTActionSheet:
    :path: "../node_modules/react-native/Libraries/ActionSheetIOS"
  React-RCTAnimation:
    :path: "../node_modules/react-native/Libraries/NativeAnimation"
  React-RCTBlob:
    :path: "../node_modules/react-native/Libraries/Blob"
  React-RCTImage:
    :path: "../node_modules/react-native/Libraries/Image"
  React-RCTLinking:
    :path: "../node_modules/react-native/Libraries/LinkingIOS"
  React-RCTNetwork:
    :path: "../node_modules/react-native/Libraries/Network"
  React-RCTSettings:
    :path: "../node_modules/react-native/Libraries/Settings"
  React-RCTText:
    :path: "../node_modules/react-native/Libraries/Text"
  React-RCTVibration:
    :path: "../node_modules/react-native/Libraries/Vibration"
  React-runtimeexecutor:
    :path: "../node_modules/react-native/ReactCommon/runtimeexecutor"
  ReactCommon:
    :path: "../node_modules/react-native/ReactCommon"
  ReactNativeART:
    :path: "../node_modules/@react-native-community/art"
  RealmJS:
    :path: "../node_modules/realm"
  RNCAsyncStorage:
    :path: "../node_modules/@react-native-async-storage/async-storage"
  RNCPushNotificationIOS:
    :path: "../node_modules/@react-native-community/push-notification-ios"
  RNDateTimePicker:
    :path: "../node_modules/@react-native-community/datetimepicker"
  RNFS:
    :path: "../node_modules/react-native-fs"
  RNNotifee:
    :path: "../node_modules/@notifee/react-native"
  RNPermissions:
    :path: "../node_modules/react-native-permissions"
  RNShare:
    :path: "../node_modules/react-native-share"
  RNVectorIcons:
    :path: "../node_modules/react-native-vector-icons"
  Yoga:
    :path: "../node_modules/react-native/ReactCommon/yoga"

SPEC CHECKSUMS:
  boost: aa35e27b639bf67de7573b279486f84a3c6546c2
  DoubleConversion: 831926d9b8bf8166fd87886c4abab286c2422662
  FBLazyVector: 9cf707e46f9bd90816b7c91b2c1c8b8a2f549527
  FBReactNativeSpec: 5ce1ea97a4309ded19af6c21f13f63ee3cabfed2
  fmt: ff9d55029c625d3757ed641535fd4a75fedc7ce9
  GCDWebServer: 2c156a56c8226e2d5c0c3f208a3621ccffbe3ce4
  glog: 476ee3e89abb49e07f822b48323c51c57124b572
  RCT-Folly: fd2673f5bfadb2a8173799b6965b892a67ae31d9
  RCTRequired: 2a96ea90ffddd10cc43115bd93803692e09b5d9a
  RCTTypeSafety: 02c99baddcf0b3393bf58e6d9b792e83a37716b4
  React: 45e3210df90d25ec6da7fc286943b377b63a92ec
  React-bridging: e3a18265bbd59003562e29429985e0923a5b6286
  React-callinvoker: 344ff205a470c3c99b4daf0a2dff9bc29045d6c5
  React-Codegen: 2b1765b0e1a38b8b3601178ca27c1e9216e81632
  React-Core: b6db729ece149a8eba28593b6b08e24558f9a303
  React-CoreModules: 4eb535b1650b718cb3680767c1b9a1cacf649cbc
  React-cxxreact: cc904c9a621922244d12fe38a85fc3cdab619fa7
  React-jsi: ac97489adfc24154e3eb48286d39a0cdc67dfdb2
  React-jsiexecutor: a19d406388d34ec2f77e5f9b0976179bb71f38b5
  React-jsinspector: bfedded1f4f562d29c2d4a8bb795c9a150a739e4
  React-logger: 56142736969724ed81d3ea042a5ad2ef59bb2725
  react-native-document-picker: cfaa9c05a4b633c60397e5e9f8170a5cbf91d05b
  react-native-simple-toast: 59d8b58998dac9f063b46d95f9fd7fd7caab6101
  React-perflogger: 010e98d3335e5185a8f7496babca50d82a042e84
  React-RCTActionSheet: 0f585d684b540a5bbfc62b0a1fbc5292cff2aefc
  React-RCTAnimation: eb0e5b020333f9cc652d85f27a47086fbf56fffd
  React-RCTBlob: 4af18ad2a64515c3ede9b829e8532f1508e00894
  React-RCTImage: 08787efa5378ad0e7344943eed1b898619cf956a
  React-RCTLinking: ea7ec6fbfdb04df7895c39f15f0e7479acc43bca
  React-RCTNetwork: 926b436b6afada9905d969a8e3713cf204905a00
  React-RCTSettings: cc083c9b6e126b7e6ea1128e64837d8b78ceb219
  React-RCTText: c36ddf2bda5131b325e1c2763700f0a63a963e1d
  React-RCTVibration: 12a2a859fa22368d2fc3ca7594504fd130b91a18
  React-runtimeexecutor: 04332dda2f2335ea4ddaf9255de069d3269f4e8b
  ReactCommon: 71bb0be95c51fea8a5598980b6abb9517c2cfb03
  ReactNativeART: b0ebceda8689ce026fff56b2f820664029480a4e
  RealmJS: a59fb8c60fa0a9e926c50323776b2571e93f7209
  RNCAsyncStorage: b6410dead2732b5c72a7fdb1ecb5651bbcf4674b
  RNCPushNotificationIOS: 6c4ca3388c7434e4a662b92e4dfeeee858e6f440
  RNDateTimePicker: 47b54bf36a41c29d75ac62a05af1b38a9a721631
  RNFS: 89de7d7f4c0f6bafa05343c578f61118c8282ed8
  RNNotifee: 5e3b271e8ea7456a36eec994085543c9adca9168
  RNPermissions: bd0d9ca7969ff7b999aa605ee2e5919c12522bfe
  RNShare: 06d69a0de7cc111302172cd8bd6d228462a6bbc1
  RNVectorIcons: 5784330be9dddb5474e8b378d5f6947996c84e55
  Toast: 91b396c56ee72a5790816f40d3a94dd357abc196
  Yoga: d6134eb3d6e3675afc1d6d65ccb3169b60e21980

PODFILE CHECKSUM: 17929713d4ffbeacfa5799a12bb5a1142a7b548a

COCOAPODS: 1.16.2
